// !$*UTF8*$!
{
	archiveVersion = 1;
	classes = {
	};
	objectVersion = 46;
	objects = {

/* Begin PBXBuildFile section */
		422C02971BEF805300322C01 /* Visualization.cpp in Sources */ = {isa = PBXBuildFile; fileRef = 422C02951BEF805300322C01 /* Visualization.cpp */; };
		424D0E801BEC04BD009D199C /* Stopwatch.cpp in Sources */ = {isa = PBXBuildFile; fileRef = 424D0E7E1BEC04BD009D199C /* Stopwatch.cpp */; };
		425E99CE1BE040AD0057A1E3 /* main.cpp in Sources */ = {isa = PBXBuildFile; fileRef = 425E99C31BE040AD0057A1E3 /* main.cpp */; };
		425E99CF1BE040AD0057A1E3 /* Project.cpp in Sources */ = {isa = PBXBuildFile; fileRef = 425E99C41BE040AD0057A1E3 /* Project.cpp */; };
		425E99D01BE040AD0057A1E3 /* ProjectWithOvertime.cpp in Sources */ = {isa = PBXBuildFile; fileRef = 425E99C61BE040AD0057A1E3 /* ProjectWithOvertime.cpp */; };
		425E99D21BE040AD0057A1E3 /* Utils.cpp in Sources */ = {isa = PBXBuildFile; fileRef = 425E99CA1BE040AD0057A1E3 /* Utils.cpp */; };
		425E99D41BE043400057A1E3 /* QBWLBeispiel.DAT in CopyFiles */ = {isa = PBXBuildFile; fileRef = 425E99D31BE041DC0057A1E3 /* QBWLBeispiel.DAT */; };
		427808221C7FD50C00A765F3 /* Representations.cpp in Sources */ = {isa = PBXBuildFile; fileRef = 427808201C7FD50C00A765F3 /* Representations.cpp */; };
		4278082C1C7FD64200A765F3 /* ListModel.cpp in Sources */ = {isa = PBXBuildFile; fileRef = 427808241C7FD64200A765F3 /* ListModel.cpp */; };
		4278082D1C7FD64200A765F3 /* NaiveModels.cpp in Sources */ = {isa = PBXBuildFile; fileRef = 427808261C7FD64200A765F3 /* NaiveModels.cpp */; };
		4278082E1C7FD64200A765F3 /* OvertimeBoundModels.cpp in Sources */ = {isa = PBXBuildFile; fileRef = 427808281C7FD64200A765F3 /* OvertimeBoundModels.cpp */; };
		4278082F1C7FD64200A765F3 /* TimeWindowModels.cpp in Sources */ = {isa = PBXBuildFile; fileRef = 4278082A1C7FD64200A765F3 /* TimeWindowModels.cpp */; };
		428E0ABD1BF51E180089A79E /* BranchAndBound.cpp in Sources */ = {isa = PBXBuildFile; fileRef = 428E0ABB1BF51E180089A79E /* BranchAndBound.cpp */; };
		428F06241BED3EE800DC47F5 /* FixedDeadline.cpp in Sources */ = {isa = PBXBuildFile; fileRef = 428F06191BED3EE800DC47F5 /* FixedDeadline.cpp */; };
		428F06251BED3EE800DC47F5 /* OvertimeBound.cpp in Sources */ = {isa = PBXBuildFile; fileRef = 428F061C1BED3EE800DC47F5 /* OvertimeBound.cpp */; };
		428F06261BED3EE800DC47F5 /* Runners.cpp in Sources */ = {isa = PBXBuildFile; fileRef = 428F061E1BED3EE800DC47F5 /* Runners.cpp */; };
		428F06271BED3EE800DC47F5 /* Sampling.cpp in Sources */ = {isa = PBXBuildFile; fileRef = 428F06201BED3EE800DC47F5 /* Sampling.cpp */; };
		428F06281BED3EE800DC47F5 /* TimeWindow.cpp in Sources */ = {isa = PBXBuildFile; fileRef = 428F06221BED3EE800DC47F5 /* TimeWindow.cpp */; };
/* End PBXBuildFile section */

/* Begin PBXCopyFilesBuildPhase section */
		42DB21021BE04034009242D4 /* CopyFiles */ = {
			isa = PBXCopyFilesBuildPhase;
			buildActionMask = 12;
			dstPath = "";
			dstSubfolderSpec = 16;
			files = (
				425E99D41BE043400057A1E3 /* QBWLBeispiel.DAT in CopyFiles */,
			);
			runOnlyForDeploymentPostprocessing = 0;
		};
/* End PBXCopyFilesBuildPhase section */

/* Begin PBXFileReference section */
		422C02951BEF805300322C01 /* Visualization.cpp */ = {isa = PBXFileReference; fileEncoding = 4; lastKnownFileType = sourcecode.cpp.cpp; path = Visualization.cpp; sourceTree = "<group>"; };
		422C02961BEF805300322C01 /* Visualization.h */ = {isa = PBXFileReference; fileEncoding = 4; lastKnownFileType = sourcecode.c.h; path = Visualization.h; sourceTree = "<group>"; };
		424D0E7D1BEC04BD009D199C /* Matrix.h */ = {isa = PBXFileReference; fileEncoding = 4; lastKnownFileType = sourcecode.c.h; path = Matrix.h; sourceTree = "<group>"; };
		424D0E7E1BEC04BD009D199C /* Stopwatch.cpp */ = {isa = PBXFileReference; fileEncoding = 4; lastKnownFileType = sourcecode.cpp.cpp; path = Stopwatch.cpp; sourceTree = "<group>"; };
		424D0E7F1BEC04BD009D199C /* Stopwatch.h */ = {isa = PBXFileReference; fileEncoding = 4; lastKnownFileType = sourcecode.c.h; path = Stopwatch.h; sourceTree = "<group>"; };
		425E99C31BE040AD0057A1E3 /* main.cpp */ = {isa = PBXFileReference; fileEncoding = 4; lastKnownFileType = sourcecode.cpp.cpp; path = main.cpp; sourceTree = "<group>"; };
		425E99C41BE040AD0057A1E3 /* Project.cpp */ = {isa = PBXFileReference; fileEncoding = 4; lastKnownFileType = sourcecode.cpp.cpp; path = Project.cpp; sourceTree = "<group>"; };
		425E99C51BE040AD0057A1E3 /* Project.h */ = {isa = PBXFileReference; fileEncoding = 4; lastKnownFileType = sourcecode.c.h; path = Project.h; sourceTree = "<group>"; };
		425E99C61BE040AD0057A1E3 /* ProjectWithOvertime.cpp */ = {isa = PBXFileReference; fileEncoding = 4; lastKnownFileType = sourcecode.cpp.cpp; path = ProjectWithOvertime.cpp; sourceTree = "<group>"; };
		425E99C71BE040AD0057A1E3 /* ProjectWithOvertime.h */ = {isa = PBXFileReference; fileEncoding = 4; lastKnownFileType = sourcecode.c.h; path = ProjectWithOvertime.h; sourceTree = "<group>"; };
		425E99CA1BE040AD0057A1E3 /* Utils.cpp */ = {isa = PBXFileReference; fileEncoding = 4; lastKnownFileType = sourcecode.cpp.cpp; path = Utils.cpp; sourceTree = "<group>"; };
		425E99CB1BE040AD0057A1E3 /* Utils.h */ = {isa = PBXFileReference; fileEncoding = 4; lastKnownFileType = sourcecode.c.h; path = Utils.h; sourceTree = "<group>"; };
		425E99D31BE041DC0057A1E3 /* QBWLBeispiel.DAT */ = {isa = PBXFileReference; fileEncoding = 4; lastKnownFileType = text; path = QBWLBeispiel.DAT; sourceTree = "<group>"; };
		427808201C7FD50C00A765F3 /* Representations.cpp */ = {isa = PBXFileReference; fileEncoding = 4; lastKnownFileType = sourcecode.cpp.cpp; name = Representations.cpp; path = GeneticAlgorithms/Representations.cpp; sourceTree = "<group>"; };
		427808211C7FD50C00A765F3 /* Representations.h */ = {isa = PBXFileReference; fileEncoding = 4; lastKnownFileType = sourcecode.c.h; name = Representations.h; path = GeneticAlgorithms/Representations.h; sourceTree = "<group>"; };
		427808241C7FD64200A765F3 /* ListModel.cpp */ = {isa = PBXFileReference; fileEncoding = 4; lastKnownFileType = sourcecode.cpp.cpp; name = ListModel.cpp; path = LSModels/ListModel.cpp; sourceTree = "<group>"; };
		427808251C7FD64200A765F3 /* ListModel.h */ = {isa = PBXFileReference; fileEncoding = 4; lastKnownFileType = sourcecode.c.h; name = ListModel.h; path = LSModels/ListModel.h; sourceTree = "<group>"; };
		427808261C7FD64200A765F3 /* NaiveModels.cpp */ = {isa = PBXFileReference; fileEncoding = 4; lastKnownFileType = sourcecode.cpp.cpp; name = NaiveModels.cpp; path = LSModels/NaiveModels.cpp; sourceTree = "<group>"; };
		427808271C7FD64200A765F3 /* NaiveModels.h */ = {isa = PBXFileReference; fileEncoding = 4; lastKnownFileType = sourcecode.c.h; name = NaiveModels.h; path = LSModels/NaiveModels.h; sourceTree = "<group>"; };
		427808281C7FD64200A765F3 /* OvertimeBoundModels.cpp */ = {isa = PBXFileReference; fileEncoding = 4; lastKnownFileType = sourcecode.cpp.cpp; name = OvertimeBoundModels.cpp; path = LSModels/OvertimeBoundModels.cpp; sourceTree = "<group>"; };
		427808291C7FD64200A765F3 /* OvertimeBoundModels.h */ = {isa = PBXFileReference; fileEncoding = 4; lastKnownFileType = sourcecode.c.h; name = OvertimeBoundModels.h; path = LSModels/OvertimeBoundModels.h; sourceTree = "<group>"; };
		4278082A1C7FD64200A765F3 /* TimeWindowModels.cpp */ = {isa = PBXFileReference; fileEncoding = 4; lastKnownFileType = sourcecode.cpp.cpp; name = TimeWindowModels.cpp; path = LSModels/TimeWindowModels.cpp; sourceTree = "<group>"; };
		4278082B1C7FD64200A765F3 /* TimeWindowModels.h */ = {isa = PBXFileReference; fileEncoding = 4; lastKnownFileType = sourcecode.c.h; name = TimeWindowModels.h; path = LSModels/TimeWindowModels.h; sourceTree = "<group>"; };
		428E0ABB1BF51E180089A79E /* BranchAndBound.cpp */ = {isa = PBXFileReference; fileEncoding = 4; lastKnownFileType = sourcecode.cpp.cpp; path = BranchAndBound.cpp; sourceTree = "<group>"; };
		428E0ABC1BF51E180089A79E /* BranchAndBound.h */ = {isa = PBXFileReference; fileEncoding = 4; lastKnownFileType = sourcecode.c.h; path = BranchAndBound.h; sourceTree = "<group>"; };
		428F06191BED3EE800DC47F5 /* FixedDeadline.cpp */ = {isa = PBXFileReference; fileEncoding = 4; lastKnownFileType = sourcecode.cpp.cpp; name = FixedDeadline.cpp; path = GeneticAlgorithms/FixedDeadline.cpp; sourceTree = "<group>"; };
		428F061A1BED3EE800DC47F5 /* FixedDeadline.h */ = {isa = PBXFileReference; fileEncoding = 4; lastKnownFileType = sourcecode.c.h; name = FixedDeadline.h; path = GeneticAlgorithms/FixedDeadline.h; sourceTree = "<group>"; };
		428F061B1BED3EE800DC47F5 /* GeneticAlgorithm.h */ = {isa = PBXFileReference; fileEncoding = 4; lastKnownFileType = sourcecode.c.h; name = GeneticAlgorithm.h; path = GeneticAlgorithms/GeneticAlgorithm.h; sourceTree = "<group>"; };
		428F061C1BED3EE800DC47F5 /* OvertimeBound.cpp */ = {isa = PBXFileReference; fileEncoding = 4; lastKnownFileType = sourcecode.cpp.cpp; name = OvertimeBound.cpp; path = GeneticAlgorithms/OvertimeBound.cpp; sourceTree = "<group>"; };
		428F061D1BED3EE800DC47F5 /* OvertimeBound.h */ = {isa = PBXFileReference; fileEncoding = 4; lastKnownFileType = sourcecode.c.h; name = OvertimeBound.h; path = GeneticAlgorithms/OvertimeBound.h; sourceTree = "<group>"; };
		428F061E1BED3EE800DC47F5 /* Runners.cpp */ = {isa = PBXFileReference; fileEncoding = 4; lastKnownFileType = sourcecode.cpp.cpp; name = Runners.cpp; path = GeneticAlgorithms/Runners.cpp; sourceTree = "<group>"; };
		428F061F1BED3EE800DC47F5 /* Runners.h */ = {isa = PBXFileReference; fileEncoding = 4; lastKnownFileType = sourcecode.c.h; name = Runners.h; path = GeneticAlgorithms/Runners.h; sourceTree = "<group>"; };
		428F06201BED3EE800DC47F5 /* Sampling.cpp */ = {isa = PBXFileReference; fileEncoding = 4; lastKnownFileType = sourcecode.cpp.cpp; name = Sampling.cpp; path = GeneticAlgorithms/Sampling.cpp; sourceTree = "<group>"; };
		428F06211BED3EE800DC47F5 /* Sampling.h */ = {isa = PBXFileReference; fileEncoding = 4; lastKnownFileType = sourcecode.c.h; name = Sampling.h; path = GeneticAlgorithms/Sampling.h; sourceTree = "<group>"; };
		428F06221BED3EE800DC47F5 /* TimeWindow.cpp */ = {isa = PBXFileReference; fileEncoding = 4; lastKnownFileType = sourcecode.cpp.cpp; name = TimeWindow.cpp; path = GeneticAlgorithms/TimeWindow.cpp; sourceTree = "<group>"; };
		428F06231BED3EE800DC47F5 /* TimeWindow.h */ = {isa = PBXFileReference; fileEncoding = 4; lastKnownFileType = sourcecode.c.h; name = TimeWindow.h; path = GeneticAlgorithms/TimeWindow.h; sourceTree = "<group>"; };
		42DB21041BE04034009242D4 /* CPP-RCPSP-OC */ = {isa = PBXFileReference; explicitFileType = "compiled.mach-o.executable"; includeInIndex = 0; path = "CPP-RCPSP-OC"; sourceTree = BUILT_PRODUCTS_DIR; };
/* End PBXFileReference section */

/* Begin PBXFrameworksBuildPhase section */
		42DB21011BE04034009242D4 /* Frameworks */ = {
			isa = PBXFrameworksBuildPhase;
			buildActionMask = 2147483647;
			files = (
			);
			runOnlyForDeploymentPostprocessing = 0;
		};
/* End PBXFrameworksBuildPhase section */

/* Begin PBXGroup section */
		427808231C7FD63700A765F3 /* LocalSolver */ = {
			isa = PBXGroup;
			children = (
				427808241C7FD64200A765F3 /* ListModel.cpp */,
				427808251C7FD64200A765F3 /* ListModel.h */,
				427808261C7FD64200A765F3 /* NaiveModels.cpp */,
				427808271C7FD64200A765F3 /* NaiveModels.h */,
				427808281C7FD64200A765F3 /* OvertimeBoundModels.cpp */,
				427808291C7FD64200A765F3 /* OvertimeBoundModels.h */,
				4278082A1C7FD64200A765F3 /* TimeWindowModels.cpp */,
				4278082B1C7FD64200A765F3 /* TimeWindowModels.h */,
			);
			name = LocalSolver;
			sourceTree = "<group>";
		};
		428F06291BED3F0B00DC47F5 /* GeneticAlgorithms */ = {
			isa = PBXGroup;
			children = (
				427808201C7FD50C00A765F3 /* Representations.cpp */,
				427808211C7FD50C00A765F3 /* Representations.h */,
				428F06191BED3EE800DC47F5 /* FixedDeadline.cpp */,
				428F061A1BED3EE800DC47F5 /* FixedDeadline.h */,
				428F061B1BED3EE800DC47F5 /* GeneticAlgorithm.h */,
				428F061C1BED3EE800DC47F5 /* OvertimeBound.cpp */,
				428F061D1BED3EE800DC47F5 /* OvertimeBound.h */,
				428F061E1BED3EE800DC47F5 /* Runners.cpp */,
				428F061F1BED3EE800DC47F5 /* Runners.h */,
				428F06201BED3EE800DC47F5 /* Sampling.cpp */,
				428F06211BED3EE800DC47F5 /* Sampling.h */,
				428F06221BED3EE800DC47F5 /* TimeWindow.cpp */,
				428F06231BED3EE800DC47F5 /* TimeWindow.h */,
			);
			name = GeneticAlgorithms;
			sourceTree = "<group>";
		};
		42DB20FB1BE04034009242D4 = {
			isa = PBXGroup;
			children = (
				427808231C7FD63700A765F3 /* LocalSolver */,
				428F06291BED3F0B00DC47F5 /* GeneticAlgorithms */,
				424D0E7D1BEC04BD009D199C /* Matrix.h */,
				428E0ABB1BF51E180089A79E /* BranchAndBound.cpp */,
				428E0ABC1BF51E180089A79E /* BranchAndBound.h */,
				424D0E7E1BEC04BD009D199C /* Stopwatch.cpp */,
				424D0E7F1BEC04BD009D199C /* Stopwatch.h */,
				425E99D31BE041DC0057A1E3 /* QBWLBeispiel.DAT */,
				425E99C31BE040AD0057A1E3 /* main.cpp */,
				425E99C41BE040AD0057A1E3 /* Project.cpp */,
				425E99C51BE040AD0057A1E3 /* Project.h */,
				425E99C61BE040AD0057A1E3 /* ProjectWithOvertime.cpp */,
				425E99C71BE040AD0057A1E3 /* ProjectWithOvertime.h */,
				425E99CA1BE040AD0057A1E3 /* Utils.cpp */,
				425E99CB1BE040AD0057A1E3 /* Utils.h */,
				422C02951BEF805300322C01 /* Visualization.cpp */,
				422C02961BEF805300322C01 /* Visualization.h */,
				42DB21051BE04034009242D4 /* Products */,
			);
			sourceTree = "<group>";
		};
		42DB21051BE04034009242D4 /* Products */ = {
			isa = PBXGroup;
			children = (
				42DB21041BE04034009242D4 /* CPP-RCPSP-OC */,
			);
			name = Products;
			sourceTree = "<group>";
		};
/* End PBXGroup section */

/* Begin PBXNativeTarget section */
		42DB21031BE04034009242D4 /* CPP-RCPSP-OC */ = {
			isa = PBXNativeTarget;
			buildConfigurationList = 42DB210B1BE04034009242D4 /* Build configuration list for PBXNativeTarget "CPP-RCPSP-OC" */;
			buildPhases = (
				42DB21001BE04034009242D4 /* Sources */,
				42DB21011BE04034009242D4 /* Frameworks */,
				42DB21021BE04034009242D4 /* CopyFiles */,
			);
			buildRules = (
			);
			dependencies = (
			);
			name = "CPP-RCPSP-OC";
			productName = "CPP-RCPSP-OC";
			productReference = 42DB21041BE04034009242D4 /* CPP-RCPSP-OC */;
			productType = "com.apple.product-type.tool";
		};
/* End PBXNativeTarget section */

/* Begin PBXProject section */
		42DB20FC1BE04034009242D4 /* Project object */ = {
			isa = PBXProject;
			attributes = {
				LastUpgradeCheck = 0710;
				ORGANIZATIONNAME = "André Schnabel";
				TargetAttributes = {
					42DB21031BE04034009242D4 = {
						CreatedOnToolsVersion = 7.1;
					};
				};
			};
			buildConfigurationList = 42DB20FF1BE04034009242D4 /* Build configuration list for PBXProject "CPP-RCPSP-OC" */;
			compatibilityVersion = "Xcode 3.2";
			developmentRegion = English;
			hasScannedForEncodings = 0;
			knownRegions = (
				en,
			);
			mainGroup = 42DB20FB1BE04034009242D4;
			productRefGroup = 42DB21051BE04034009242D4 /* Products */;
			projectDirPath = "";
			projectRoot = "";
			targets = (
				42DB21031BE04034009242D4 /* CPP-RCPSP-OC */,
			);
		};
/* End PBXProject section */

/* Begin PBXSourcesBuildPhase section */
		42DB21001BE04034009242D4 /* Sources */ = {
			isa = PBXSourcesBuildPhase;
			buildActionMask = 2147483647;
			files = (
				428E0ABD1BF51E180089A79E /* BranchAndBound.cpp in Sources */,
				428F06241BED3EE800DC47F5 /* FixedDeadline.cpp in Sources */,
				428F06281BED3EE800DC47F5 /* TimeWindow.cpp in Sources */,
				424D0E801BEC04BD009D199C /* Stopwatch.cpp in Sources */,
				425E99D01BE040AD0057A1E3 /* ProjectWithOvertime.cpp in Sources */,
				425E99D21BE040AD0057A1E3 /* Utils.cpp in Sources */,
				428F06261BED3EE800DC47F5 /* Runners.cpp in Sources */,
				4278082D1C7FD64200A765F3 /* NaiveModels.cpp in Sources */,
				428F06251BED3EE800DC47F5 /* OvertimeBound.cpp in Sources */,
				422C02971BEF805300322C01 /* Visualization.cpp in Sources */,
				4278082C1C7FD64200A765F3 /* ListModel.cpp in Sources */,
				425E99CE1BE040AD0057A1E3 /* main.cpp in Sources */,
				425E99CF1BE040AD0057A1E3 /* Project.cpp in Sources */,
				4278082F1C7FD64200A765F3 /* TimeWindowModels.cpp in Sources */,
				428F06271BED3EE800DC47F5 /* Sampling.cpp in Sources */,
				427808221C7FD50C00A765F3 /* Representations.cpp in Sources */,
				4278082E1C7FD64200A765F3 /* OvertimeBoundModels.cpp in Sources */,
			);
			runOnlyForDeploymentPostprocessing = 0;
		};
/* End PBXSourcesBuildPhase section */

/* Begin XCBuildConfiguration section */
		42DB21091BE04034009242D4 /* Debug */ = {
			isa = XCBuildConfiguration;
			buildSettings = {
				ALWAYS_SEARCH_USER_PATHS = NO;
				CLANG_CXX_LANGUAGE_STANDARD = "gnu++0x";
				CLANG_CXX_LIBRARY = "libc++";
				CLANG_ENABLE_MODULES = YES;
				CLANG_ENABLE_OBJC_ARC = YES;
				CLANG_WARN_BOOL_CONVERSION = YES;
				CLANG_WARN_CONSTANT_CONVERSION = YES;
				CLANG_WARN_DIRECT_OBJC_ISA_USAGE = YES_ERROR;
				CLANG_WARN_EMPTY_BODY = YES;
				CLANG_WARN_ENUM_CONVERSION = YES;
				CLANG_WARN_INT_CONVERSION = YES;
				CLANG_WARN_OBJC_ROOT_CLASS = YES_ERROR;
				CLANG_WARN_UNREACHABLE_CODE = YES;
				CLANG_WARN__DUPLICATE_METHOD_MATCH = YES;
				CODE_SIGN_IDENTITY = "-";
				COPY_PHASE_STRIP = NO;
				DEBUG_INFORMATION_FORMAT = dwarf;
				ENABLE_STRICT_OBJC_MSGSEND = YES;
				ENABLE_TESTABILITY = YES;
				GCC_C_LANGUAGE_STANDARD = gnu99;
				GCC_DYNAMIC_NO_PIC = NO;
				GCC_NO_COMMON_BLOCKS = YES;
				GCC_OPTIMIZATION_LEVEL = 0;
				GCC_PREPROCESSOR_DEFINITIONS = (
					"DEBUG=1",
					"$(inherited)",
				);
				GCC_WARN_64_TO_32_BIT_CONVERSION = YES;
				GCC_WARN_ABOUT_RETURN_TYPE = YES_ERROR;
				GCC_WARN_UNDECLARED_SELECTOR = YES;
				GCC_WARN_UNINITIALIZED_AUTOS = YES_AGGRESSIVE;
				GCC_WARN_UNUSED_FUNCTION = YES;
				GCC_WARN_UNUSED_VARIABLE = YES;
				MACOSX_DEPLOYMENT_TARGET = 10.11;
				MTL_ENABLE_DEBUG_INFO = YES;
				ONLY_ACTIVE_ARCH = YES;
				SDKROOT = macosx;
			};
			name = Debug;
		};
		42DB210A1BE04034009242D4 /* Release */ = {
			isa = XCBuildConfiguration;
			buildSettings = {
				ALWAYS_SEARCH_USER_PATHS = NO;
				CLANG_CXX_LANGUAGE_STANDARD = "gnu++0x";
				CLANG_CXX_LIBRARY = "libc++";
				CLANG_ENABLE_MODULES = YES;
				CLANG_ENABLE_OBJC_ARC = YES;
				CLANG_WARN_BOOL_CONVERSION = YES;
				CLANG_WARN_CONSTANT_CONVERSION = YES;
				CLANG_WARN_DIRECT_OBJC_ISA_USAGE = YES_ERROR;
				CLANG_WARN_EMPTY_BODY = YES;
				CLANG_WARN_ENUM_CONVERSION = YES;
				CLANG_WARN_INT_CONVERSION = YES;
				CLANG_WARN_OBJC_ROOT_CLASS = YES_ERROR;
				CLANG_WARN_UNREACHABLE_CODE = YES;
				CLANG_WARN__DUPLICATE_METHOD_MATCH = YES;
				CODE_SIGN_IDENTITY = "-";
				COPY_PHASE_STRIP = NO;
				DEBUG_INFORMATION_FORMAT = "dwarf-with-dsym";
				ENABLE_NS_ASSERTIONS = NO;
				ENABLE_STRICT_OBJC_MSGSEND = YES;
				GCC_C_LANGUAGE_STANDARD = gnu99;
				GCC_NO_COMMON_BLOCKS = YES;
				GCC_WARN_64_TO_32_BIT_CONVERSION = YES;
				GCC_WARN_ABOUT_RETURN_TYPE = YES_ERROR;
				GCC_WARN_UNDECLARED_SELECTOR = YES;
				GCC_WARN_UNINITIALIZED_AUTOS = YES_AGGRESSIVE;
				GCC_WARN_UNUSED_FUNCTION = YES;
				GCC_WARN_UNUSED_VARIABLE = YES;
				MACOSX_DEPLOYMENT_TARGET = 10.11;
				MTL_ENABLE_DEBUG_INFO = NO;
				SDKROOT = macosx;
			};
			name = Release;
		};
		42DB210C1BE04034009242D4 /* Debug */ = {
			isa = XCBuildConfiguration;
			buildSettings = {
				CLANG_CXX_LANGUAGE_STANDARD = "gnu++14";
				HEADER_SEARCH_PATHS = (
					/opt/localsolver_6_0/include,
					/usr/local/include/,
				);
				LIBRARY_SEARCH_PATHS = (
					/opt/localsolver_6_0/bin,
					"/usr/local/Cellar/boost/1.58.0/lib\n/usr/local/Cellar/boost/1.58.0/lib\n/usr/local/Cellar/boost/1.58.0/lib\n",
				);
				OTHER_LDFLAGS = (
					"-llocalsolver",
					"-lboost_system",
					"-lboost_filesystem",
				);
				PRODUCT_NAME = "$(TARGET_NAME)";
			};
			name = Debug;
		};
		42DB210D1BE04034009242D4 /* Release */ = {
			isa = XCBuildConfiguration;
			buildSettings = {
				CLANG_CXX_LANGUAGE_STANDARD = "gnu++14";
				HEADER_SEARCH_PATHS = (
					/opt/localsolver_6_0/include,
					/usr/local/include/,
				);
				LIBRARY_SEARCH_PATHS = (
					/opt/localsolver_6_0/bin,
					"/usr/local/Cellar/boost/1.58.0/lib\n/usr/local/Cellar/boost/1.58.0/lib\n/usr/local/Cellar/boost/1.58.0/lib\n",
				);
				OTHER_LDFLAGS = (
					"-llocalsolver",
					"-lboost_system",
					"-lboost_filesystem",
				);
				PRODUCT_NAME = "$(TARGET_NAME)";
			};
			name = Release;
		};
/* End XCBuildConfiguration section */

/* Begin XCConfigurationList section */
		42DB20FF1BE04034009242D4 /* Build configuration list for PBXProject "CPP-RCPSP-OC" */ = {
			isa = XCConfigurationList;
			buildConfigurations = (
				42DB21091BE04034009242D4 /* Debug */,
				42DB210A1BE04034009242D4 /* Release */,
			);
			defaultConfigurationIsVisible = 0;
			defaultConfigurationName = Release;
		};
		42DB210B1BE04034009242D4 /* Build configuration list for PBXNativeTarget "CPP-RCPSP-OC" */ = {
			isa = XCConfigurationList;
			buildConfigurations = (
				42DB210C1BE04034009242D4 /* Debug */,
				42DB210D1BE04034009242D4 /* Release */,
			);
			defaultConfigurationIsVisible = 0;
			defaultConfigurationName = Release;
		};
/* End XCConfigurationList section */
	};
	rootObject = 42DB20FC1BE04034009242D4 /* Project object */;
}
